
Microsoft Visual Studio Solution File, Format Version 12.00
# Visual Studio Version 17
VisualStudioVersion = 17.7.34031.279
MinimumVisualStudioVersion = 10.0.40219.1
Project("{FAE04EC0-301F-11D3-BF4B-00C04F79EFBC}") = "lab5-5", "lab5-5\lab5-5.csproj", "{7BDFD366-F01C-4EA4-89E8-C36547B5A6CC}"
EndProject
Global
	GlobalSection(SolutionConfigurationPlatforms) = preSolution
		Debug|Any CPU = Debug|Any CPU
		Release|Any CPU = Release|Any CPU
	EndGlobalSection
	GlobalSection(ProjectConfigurationPlatforms) = postSolution
		{7BDFD366-F01C-4EA4-89E8-C36547B5A6CC}.Debug|Any CPU.ActiveCfg = Debug|Any CPU
		{7BDFD366-F01C-4EA4-89E8-C36547B5A6CC}.Debug|Any CPU.Build.0 = Debug|Any CPU
		{7BDFD366-F01C-4EA4-89E8-C36547B5A6CC}.Release|Any CPU.ActiveCfg = Release|Any CPU
		{7BDFD366-F01C-4EA4-89E8-C36547B5A6CC}.Release|Any CPU.Build.0 = Release|Any CPU
	EndGlobalSection
	GlobalSection(SolutionProperties) = preSolution
		HideSolutionNode = FALSE
	EndGlobalSection
	GlobalSection(ExtensibilityGlobals) = postSolution
		SolutionGuid = {F1D843B0-0051-49A5-B9F2-889C7E568BD8}
	EndGlobalSection
EndGlobal
