
Microsoft Visual Studio Solution File, Format Version 12.00
# Visual Studio Version 17
VisualStudioVersion = 17.7.34031.279
MinimumVisualStudioVersion = 10.0.40219.1
Project("{FAE04EC0-301F-11D3-BF4B-00C04F79EFBC}") = "lab5-7", "lab5-7\lab5-7.csproj", "{90522347-0E3A-4497-BECC-C1DE839248FC}"
EndProject
Global
	GlobalSection(SolutionConfigurationPlatforms) = preSolution
		Debug|Any CPU = Debug|Any CPU
		Release|Any CPU = Release|Any CPU
	EndGlobalSection
	GlobalSection(ProjectConfigurationPlatforms) = postSolution
		{90522347-0E3A-4497-BECC-C1DE839248FC}.Debug|Any CPU.ActiveCfg = Debug|Any CPU
		{90522347-0E3A-4497-BECC-C1DE839248FC}.Debug|Any CPU.Build.0 = Debug|Any CPU
		{90522347-0E3A-4497-BECC-C1DE839248FC}.Release|Any CPU.ActiveCfg = Release|Any CPU
		{90522347-0E3A-4497-BECC-C1DE839248FC}.Release|Any CPU.Build.0 = Release|Any CPU
	EndGlobalSection
	GlobalSection(SolutionProperties) = preSolution
		HideSolutionNode = FALSE
	EndGlobalSection
	GlobalSection(ExtensibilityGlobals) = postSolution
		SolutionGuid = {133A961F-DA10-468E-A3A2-1D4E91F5672A}
	EndGlobalSection
EndGlobal
